
Microsoft Visual Studio Solution File, Format Version 12.00
# Visual Studio Version 17
VisualStudioVersion = 17.1.32421.90
MinimumVisualStudioVersion = 10.0.40219.1
Project("{FAE04EC0-301F-11D3-BF4B-00C04F79EFBC}") = "FrontEndd", "FrontEndd\FrontEndd.csproj", "{8B939D04-DB93-4B5B-BB41-0B2DB3A2513B}"
EndProject
Project("{9A19103F-16F7-4668-BE54-9A1E7A4F7556}") = "isaac", "..\isaac\isaac\isaac.csproj", "{1137FB89-614A-40B5-A4A8-AFCD7C08E69D}"
EndProject
Global
	GlobalSection(SolutionConfigurationPlatforms) = preSolution
		Debug|Any CPU = Debug|Any CPU
		Release|Any CPU = Release|Any CPU
	EndGlobalSection
	GlobalSection(ProjectConfigurationPlatforms) = postSolution
		{8B939D04-DB93-4B5B-BB41-0B2DB3A2513B}.Debug|Any CPU.ActiveCfg = Debug|Any CPU
		{8B939D04-DB93-4B5B-BB41-0B2DB3A2513B}.Debug|Any CPU.Build.0 = Debug|Any CPU
		{8B939D04-DB93-4B5B-BB41-0B2DB3A2513B}.Release|Any CPU.ActiveCfg = Release|Any CPU
		{8B939D04-DB93-4B5B-BB41-0B2DB3A2513B}.Release|Any CPU.Build.0 = Release|Any CPU
		{1137FB89-614A-40B5-A4A8-AFCD7C08E69D}.Debug|Any CPU.ActiveCfg = Debug|Any CPU
		{1137FB89-614A-40B5-A4A8-AFCD7C08E69D}.Debug|Any CPU.Build.0 = Debug|Any CPU
		{1137FB89-614A-40B5-A4A8-AFCD7C08E69D}.Release|Any CPU.ActiveCfg = Release|Any CPU
		{1137FB89-614A-40B5-A4A8-AFCD7C08E69D}.Release|Any CPU.Build.0 = Release|Any CPU
	EndGlobalSection
	GlobalSection(SolutionProperties) = preSolution
		HideSolutionNode = FALSE
	EndGlobalSection
	GlobalSection(ExtensibilityGlobals) = postSolution
		SolutionGuid = {9CE37CE4-D61B-4887-8014-5610890C2497}
	EndGlobalSection
EndGlobal
